// !$*UTF8*$!
{
	archiveVersion = 1;
	classes = {
	};
	objectVersion = 50;
	objects = {

/* Begin PBXBuildFile section */
		2308788826FEA7790012FDB7 /* VacancyCell.swift in Sources */ = {isa = PBXBuildFile; fileRef = 2308788726FEA7790012FDB7 /* VacancyCell.swift */; };
		2308788A26FFA62D0012FDB7 /* UITableView+ClassDequeue.swift in Sources */ = {isa = PBXBuildFile; fileRef = 2308788926FFA62D0012FDB7 /* UITableView+ClassDequeue.swift */; };
		2308788E26FFE8900012FDB7 /* IVacancyResponse.swift in Sources */ = {isa = PBXBuildFile; fileRef = 2308788D26FFE8900012FDB7 /* IVacancyResponse.swift */; };
		2308789126FFEFC60012FDB7 /* VacancyResponse.swift in Sources */ = {isa = PBXBuildFile; fileRef = 2308789026FFEFC60012FDB7 /* VacancyResponse.swift */; };
		234B852026F6291F00E8754F /* AppDelegate.swift in Sources */ = {isa = PBXBuildFile; fileRef = 234B851F26F6291F00E8754F /* AppDelegate.swift */; };
		234B852226F6291F00E8754F /* SceneDelegate.swift in Sources */ = {isa = PBXBuildFile; fileRef = 234B852126F6291F00E8754F /* SceneDelegate.swift */; };
		234B852426F6291F00E8754F /* VacanciesListViewController.swift in Sources */ = {isa = PBXBuildFile; fileRef = 234B852326F6291F00E8754F /* VacanciesListViewController.swift */; };
		234B852926F6292100E8754F /* Assets.xcassets in Resources */ = {isa = PBXBuildFile; fileRef = 234B852826F6292100E8754F /* Assets.xcassets */; };
		234B852C26F6292100E8754F /* LaunchScreen.storyboard in Resources */ = {isa = PBXBuildFile; fileRef = 234B852A26F6292100E8754F /* LaunchScreen.storyboard */; };
		234B853B26FBD48900E8754F /* UIView+Constraints .swift in Sources */ = {isa = PBXBuildFile; fileRef = 234B853A26FBD48900E8754F /* UIView+Constraints .swift */; };
		234B853E26FBD69700E8754F /* Colors.swift in Sources */ = {isa = PBXBuildFile; fileRef = 234B853D26FBD69700E8754F /* Colors.swift */; };
		23D0850F27027F5C004DE914 /* HHTestApi.swift in Sources */ = {isa = PBXBuildFile; fileRef = 23D0850E27027F5C004DE914 /* HHTestApi.swift */; };
/* End PBXBuildFile section */

/* Begin PBXFileReference section */
		2308788726FEA7790012FDB7 /* VacancyCell.swift */ = {isa = PBXFileReference; lastKnownFileType = sourcecode.swift; path = VacancyCell.swift; sourceTree = "<group>"; };
		2308788926FFA62D0012FDB7 /* UITableView+ClassDequeue.swift */ = {isa = PBXFileReference; lastKnownFileType = sourcecode.swift; path = "UITableView+ClassDequeue.swift"; sourceTree = "<group>"; };
		2308788D26FFE8900012FDB7 /* IVacancyResponse.swift */ = {isa = PBXFileReference; lastKnownFileType = sourcecode.swift; path = IVacancyResponse.swift; sourceTree = "<group>"; };
		2308789026FFEFC60012FDB7 /* VacancyResponse.swift */ = {isa = PBXFileReference; lastKnownFileType = sourcecode.swift; path = VacancyResponse.swift; sourceTree = "<group>"; };
		234B851C26F6291F00E8754F /* hhTest.app */ = {isa = PBXFileReference; explicitFileType = wrapper.application; includeInIndex = 0; path = hhTest.app; sourceTree = BUILT_PRODUCTS_DIR; };
		234B851F26F6291F00E8754F /* AppDelegate.swift */ = {isa = PBXFileReference; lastKnownFileType = sourcecode.swift; path = AppDelegate.swift; sourceTree = "<group>"; };
		234B852126F6291F00E8754F /* SceneDelegate.swift */ = {isa = PBXFileReference; lastKnownFileType = sourcecode.swift; path = SceneDelegate.swift; sourceTree = "<group>"; };
		234B852326F6291F00E8754F /* VacanciesListViewController.swift */ = {isa = PBXFileReference; lastKnownFileType = sourcecode.swift; path = VacanciesListViewController.swift; sourceTree = "<group>"; };
		234B852826F6292100E8754F /* Assets.xcassets */ = {isa = PBXFileReference; lastKnownFileType = folder.assetcatalog; path = Assets.xcassets; sourceTree = "<group>"; };
		234B852B26F6292100E8754F /* Base */ = {isa = PBXFileReference; lastKnownFileType = file.storyboard; name = Base; path = Base.lproj/LaunchScreen.storyboard; sourceTree = "<group>"; };
		234B852D26F6292100E8754F /* Info.plist */ = {isa = PBXFileReference; lastKnownFileType = text.plist.xml; path = Info.plist; sourceTree = "<group>"; };
		234B853A26FBD48900E8754F /* UIView+Constraints .swift */ = {isa = PBXFileReference; lastKnownFileType = sourcecode.swift; path = "UIView+Constraints .swift"; sourceTree = "<group>"; };
		234B853D26FBD69700E8754F /* Colors.swift */ = {isa = PBXFileReference; lastKnownFileType = sourcecode.swift; path = Colors.swift; sourceTree = "<group>"; };
		23D0850E27027F5C004DE914 /* HHTestApi.swift */ = {isa = PBXFileReference; lastKnownFileType = sourcecode.swift; path = HHTestApi.swift; sourceTree = "<group>"; };
/* End PBXFileReference section */

/* Begin PBXFrameworksBuildPhase section */
		234B851926F6291F00E8754F /* Frameworks */ = {
			isa = PBXFrameworksBuildPhase;
			buildActionMask = 2147483647;
			files = (
			);
			runOnlyForDeploymentPostprocessing = 0;
		};
/* End PBXFrameworksBuildPhase section */

/* Begin PBXGroup section */
		2308788626FEA73D0012FDB7 /* cells */ = {
			isa = PBXGroup;
			children = (
				2308788726FEA7790012FDB7 /* VacancyCell.swift */,
			);
			path = cells;
			sourceTree = "<group>";
		};
		2308788B26FFE7F20012FDB7 /* network */ = {
			isa = PBXGroup;
			children = (
				23D0850D27026D37004DE914 /* api */,
				2308788C26FFE8050012FDB7 /* vacancies */,
			);
			path = network;
			sourceTree = "<group>";
		};
		2308788C26FFE8050012FDB7 /* vacancies */ = {
			isa = PBXGroup;
			children = (
				2308788F26FFE9C10012FDB7 /* response */,
			);
			path = vacancies;
			sourceTree = "<group>";
		};
		2308788F26FFE9C10012FDB7 /* response */ = {
			isa = PBXGroup;
			children = (
				2308788D26FFE8900012FDB7 /* IVacancyResponse.swift */,
				2308789026FFEFC60012FDB7 /* VacancyResponse.swift */,
			);
			path = response;
			sourceTree = "<group>";
		};
		234B851326F6291F00E8754F = {
			isa = PBXGroup;
			children = (
				234B851E26F6291F00E8754F /* hhTest */,
				234B851D26F6291F00E8754F /* Products */,
			);
			sourceTree = "<group>";
		};
		234B851D26F6291F00E8754F /* Products */ = {
			isa = PBXGroup;
			children = (
				234B851C26F6291F00E8754F /* hhTest.app */,
			);
			name = Products;
			sourceTree = "<group>";
		};
		234B851E26F6291F00E8754F /* hhTest */ = {
			isa = PBXGroup;
			children = (
				234B853326F6296E00E8754F /* app */,
				234B853826FBD41100E8754F /* core */,
				234B853526F629A300E8754F /* launchScreen */,
				234B853426F6298000E8754F /* resources */,
				234B853626F62AD200E8754F /* vacanciesList */,
			);
			path = hhTest;
			sourceTree = "<group>";
		};
		234B853326F6296E00E8754F /* app */ = {
			isa = PBXGroup;
			children = (
				234B851F26F6291F00E8754F /* AppDelegate.swift */,
				234B852126F6291F00E8754F /* SceneDelegate.swift */,
			);
			path = app;
			sourceTree = "<group>";
		};
		234B853426F6298000E8754F /* resources */ = {
			isa = PBXGroup;
			children = (
				234B852826F6292100E8754F /* Assets.xcassets */,
				234B852D26F6292100E8754F /* Info.plist */,
			);
			path = resources;
			sourceTree = "<group>";
		};
		234B853526F629A300E8754F /* launchScreen */ = {
			isa = PBXGroup;
			children = (
				234B852A26F6292100E8754F /* LaunchScreen.storyboard */,
			);
			path = launchScreen;
			sourceTree = "<group>";
		};
		234B853626F62AD200E8754F /* vacanciesList */ = {
			isa = PBXGroup;
			children = (
				2308788626FEA73D0012FDB7 /* cells */,
				234B852326F6291F00E8754F /* VacanciesListViewController.swift */,
			);
			path = vacanciesList;
			sourceTree = "<group>";
		};
		234B853826FBD41100E8754F /* core */ = {
			isa = PBXGroup;
			children = (
				234B853C26FBD68000E8754F /* design */,
				234B853926FBD41A00E8754F /* extensions */,
				2308788B26FFE7F20012FDB7 /* network */,
			);
			path = core;
			sourceTree = "<group>";
		};
		234B853926FBD41A00E8754F /* extensions */ = {
			isa = PBXGroup;
			children = (
				234B853A26FBD48900E8754F /* UIView+Constraints .swift */,
				2308788926FFA62D0012FDB7 /* UITableView+ClassDequeue.swift */,
			);
			path = extensions;
			sourceTree = "<group>";
		};
		234B853C26FBD68000E8754F /* design */ = {
			isa = PBXGroup;
			children = (
				234B853D26FBD69700E8754F /* Colors.swift */,
			);
			path = design;
			sourceTree = "<group>";
		};
		23D0850D27026D37004DE914 /* api */ = {
			isa = PBXGroup;
			children = (
				23D0850E27027F5C004DE914 /* HHTestApi.swift */,
			);
			path = api;
			sourceTree = "<group>";
		};
/* End PBXGroup section */

/* Begin PBXNativeTarget section */
		234B851B26F6291F00E8754F /* hhTest */ = {
			isa = PBXNativeTarget;
			buildConfigurationList = 234B853026F6292100E8754F /* Build configuration list for PBXNativeTarget "hhTest" */;
			buildPhases = (
				234B851826F6291F00E8754F /* Sources */,
				234B851926F6291F00E8754F /* Frameworks */,
				234B851A26F6291F00E8754F /* Resources */,
			);
			buildRules = (
			);
			dependencies = (
			);
			name = hhTest;
			productName = hhTest;
			productReference = 234B851C26F6291F00E8754F /* hhTest.app */;
			productType = "com.apple.product-type.application";
		};
/* End PBXNativeTarget section */

/* Begin PBXProject section */
		234B851426F6291F00E8754F /* Project object */ = {
			isa = PBXProject;
			attributes = {
				LastSwiftUpdateCheck = 1250;
				LastUpgradeCheck = 1250;
				TargetAttributes = {
					234B851B26F6291F00E8754F = {
						CreatedOnToolsVersion = 12.5;
					};
				};
			};
			buildConfigurationList = 234B851726F6291F00E8754F /* Build configuration list for PBXProject "hhTest" */;
			compatibilityVersion = "Xcode 9.3";
			developmentRegion = en;
			hasScannedForEncodings = 0;
			knownRegions = (
				en,
				Base,
			);
			mainGroup = 234B851326F6291F00E8754F;
			productRefGroup = 234B851D26F6291F00E8754F /* Products */;
			projectDirPath = "";
			projectRoot = "";
			targets = (
				234B851B26F6291F00E8754F /* hhTest */,
			);
		};
/* End PBXProject section */

/* Begin PBXResourcesBuildPhase section */
		234B851A26F6291F00E8754F /* Resources */ = {
			isa = PBXResourcesBuildPhase;
			buildActionMask = 2147483647;
			files = (
				234B852C26F6292100E8754F /* LaunchScreen.storyboard in Resources */,
				234B852926F6292100E8754F /* Assets.xcassets in Resources */,
			);
			runOnlyForDeploymentPostprocessing = 0;
		};
/* End PBXResourcesBuildPhase section */

/* Begin PBXSourcesBuildPhase section */
		234B851826F6291F00E8754F /* Sources */ = {
			isa = PBXSourcesBuildPhase;
			buildActionMask = 2147483647;
			files = (
				234B853B26FBD48900E8754F /* UIView+Constraints .swift in Sources */,
				2308788826FEA7790012FDB7 /* VacancyCell.swift in Sources */,
				2308789126FFEFC60012FDB7 /* VacancyResponse.swift in Sources */,
				234B853E26FBD69700E8754F /* Colors.swift in Sources */,
				2308788E26FFE8900012FDB7 /* IVacancyResponse.swift in Sources */,
				234B852426F6291F00E8754F /* VacanciesListViewController.swift in Sources */,
				23D0850F27027F5C004DE914 /* HHTestApi.swift in Sources */,
				2308788A26FFA62D0012FDB7 /* UITableView+ClassDequeue.swift in Sources */,
				234B852026F6291F00E8754F /* AppDelegate.swift in Sources */,
				234B852226F6291F00E8754F /* SceneDelegate.swift in Sources */,
			);
			runOnlyForDeploymentPostprocessing = 0;
		};
/* End PBXSourcesBuildPhase section */

/* Begin PBXVariantGroup section */
		234B852A26F6292100E8754F /* LaunchScreen.storyboard */ = {
			isa = PBXVariantGroup;
			children = (
				234B852B26F6292100E8754F /* Base */,
			);
			name = LaunchScreen.storyboard;
			sourceTree = "<group>";
		};
/* End PBXVariantGroup section */

/* Begin XCBuildConfiguration section */
		234B852E26F6292100E8754F /* Debug */ = {
			isa = XCBuildConfiguration;
			buildSettings = {
				ALWAYS_SEARCH_USER_PATHS = NO;
				CLANG_ANALYZER_NONNULL = YES;
				CLANG_ANALYZER_NUMBER_OBJECT_CONVERSION = YES_AGGRESSIVE;
				CLANG_CXX_LANGUAGE_STANDARD = "gnu++14";
				CLANG_CXX_LIBRARY = "libc++";
				CLANG_ENABLE_MODULES = YES;
				CLANG_ENABLE_OBJC_ARC = YES;
				CLANG_ENABLE_OBJC_WEAK = YES;
				CLANG_WARN_BLOCK_CAPTURE_AUTORELEASING = YES;
				CLANG_WARN_BOOL_CONVERSION = YES;
				CLANG_WARN_COMMA = YES;
				CLANG_WARN_CONSTANT_CONVERSION = YES;
				CLANG_WARN_DEPRECATED_OBJC_IMPLEMENTATIONS = YES;
				CLANG_WARN_DIRECT_OBJC_ISA_USAGE = YES_ERROR;
				CLANG_WARN_DOCUMENTATION_COMMENTS = YES;
				CLANG_WARN_EMPTY_BODY = YES;
				CLANG_WARN_ENUM_CONVERSION = YES;
				CLANG_WARN_INFINITE_RECURSION = YES;
				CLANG_WARN_INT_CONVERSION = YES;
				CLANG_WARN_NON_LITERAL_NULL_CONVERSION = YES;
				CLANG_WARN_OBJC_IMPLICIT_RETAIN_SELF = YES;
				CLANG_WARN_OBJC_LITERAL_CONVERSION = YES;
				CLANG_WARN_OBJC_ROOT_CLASS = YES_ERROR;
				CLANG_WARN_QUOTED_INCLUDE_IN_FRAMEWORK_HEADER = YES;
				CLANG_WARN_RANGE_LOOP_ANALYSIS = YES;
				CLANG_WARN_STRICT_PROTOTYPES = YES;
				CLANG_WARN_SUSPICIOUS_MOVE = YES;
				CLANG_WARN_UNGUARDED_AVAILABILITY = YES_AGGRESSIVE;
				CLANG_WARN_UNREACHABLE_CODE = YES;
				CLANG_WARN__DUPLICATE_METHOD_MATCH = YES;
				COPY_PHASE_STRIP = NO;
				DEBUG_INFORMATION_FORMAT = dwarf;
				ENABLE_STRICT_OBJC_MSGSEND = YES;
				ENABLE_TESTABILITY = YES;
				GCC_C_LANGUAGE_STANDARD = gnu11;
				GCC_DYNAMIC_NO_PIC = NO;
				GCC_NO_COMMON_BLOCKS = YES;
				GCC_OPTIMIZATION_LEVEL = 0;
				GCC_PREPROCESSOR_DEFINITIONS = (
					"DEBUG=1",
					"$(inherited)",
				);
				GCC_WARN_64_TO_32_BIT_CONVERSION = YES;
				GCC_WARN_ABOUT_RETURN_TYPE = YES_ERROR;
				GCC_WARN_UNDECLARED_SELECTOR = YES;
				GCC_WARN_UNINITIALIZED_AUTOS = YES_AGGRESSIVE;
				GCC_WARN_UNUSED_FUNCTION = YES;
				GCC_WARN_UNUSED_VARIABLE = YES;
				IPHONEOS_DEPLOYMENT_TARGET = 14.5;
				MTL_ENABLE_DEBUG_INFO = INCLUDE_SOURCE;
				MTL_FAST_MATH = YES;
				ONLY_ACTIVE_ARCH = YES;
				SDKROOT = iphoneos;
				SWIFT_ACTIVE_COMPILATION_CONDITIONS = DEBUG;
				SWIFT_OPTIMIZATION_LEVEL = "-Onone";
			};
			name = Debug;
		};
		234B852F26F6292100E8754F /* Release */ = {
			isa = XCBuildConfiguration;
			buildSettings = {
				ALWAYS_SEARCH_USER_PATHS = NO;
				CLANG_ANALYZER_NONNULL = YES;
				CLANG_ANALYZER_NUMBER_OBJECT_CONVERSION = YES_AGGRESSIVE;
				CLANG_CXX_LANGUAGE_STANDARD = "gnu++14";
				CLANG_CXX_LIBRARY = "libc++";
				CLANG_ENABLE_MODULES = YES;
				CLANG_ENABLE_OBJC_ARC = YES;
				CLANG_ENABLE_OBJC_WEAK = YES;
				CLANG_WARN_BLOCK_CAPTURE_AUTORELEASING = YES;
				CLANG_WARN_BOOL_CONVERSION = YES;
				CLANG_WARN_COMMA = YES;
				CLANG_WARN_CONSTANT_CONVERSION = YES;
				CLANG_WARN_DEPRECATED_OBJC_IMPLEMENTATIONS = YES;
				CLANG_WARN_DIRECT_OBJC_ISA_USAGE = YES_ERROR;
				CLANG_WARN_DOCUMENTATION_COMMENTS = YES;
				CLANG_WARN_EMPTY_BODY = YES;
				CLANG_WARN_ENUM_CONVERSION = YES;
				CLANG_WARN_INFINITE_RECURSION = YES;
				CLANG_WARN_INT_CONVERSION = YES;
				CLANG_WARN_NON_LITERAL_NULL_CONVERSION = YES;
				CLANG_WARN_OBJC_IMPLICIT_RETAIN_SELF = YES;
				CLANG_WARN_OBJC_LITERAL_CONVERSION = YES;
				CLANG_WARN_OBJC_ROOT_CLASS = YES_ERROR;
				CLANG_WARN_QUOTED_INCLUDE_IN_FRAMEWORK_HEADER = YES;
				CLANG_WARN_RANGE_LOOP_ANALYSIS = YES;
				CLANG_WARN_STRICT_PROTOTYPES = YES;
				CLANG_WARN_SUSPICIOUS_MOVE = YES;
				CLANG_WARN_UNGUARDED_AVAILABILITY = YES_AGGRESSIVE;
				CLANG_WARN_UNREACHABLE_CODE = YES;
				CLANG_WARN__DUPLICATE_METHOD_MATCH = YES;
				COPY_PHASE_STRIP = NO;
				DEBUG_INFORMATION_FORMAT = "dwarf-with-dsym";
				ENABLE_NS_ASSERTIONS = NO;
				ENABLE_STRICT_OBJC_MSGSEND = YES;
				GCC_C_LANGUAGE_STANDARD = gnu11;
				GCC_NO_COMMON_BLOCKS = YES;
				GCC_WARN_64_TO_32_BIT_CONVERSION = YES;
				GCC_WARN_ABOUT_RETURN_TYPE = YES_ERROR;
				GCC_WARN_UNDECLARED_SELECTOR = YES;
				GCC_WARN_UNINITIALIZED_AUTOS = YES_AGGRESSIVE;
				GCC_WARN_UNUSED_FUNCTION = YES;
				GCC_WARN_UNUSED_VARIABLE = YES;
				IPHONEOS_DEPLOYMENT_TARGET = 14.5;
				MTL_ENABLE_DEBUG_INFO = NO;
				MTL_FAST_MATH = YES;
				SDKROOT = iphoneos;
				SWIFT_COMPILATION_MODE = wholemodule;
				SWIFT_OPTIMIZATION_LEVEL = "-O";
				VALIDATE_PRODUCT = YES;
			};
			name = Release;
		};
		234B853126F6292100E8754F /* Debug */ = {
			isa = XCBuildConfiguration;
			buildSettings = {
				ASSETCATALOG_COMPILER_APPICON_NAME = AppIcon;
				ASSETCATALOG_COMPILER_GLOBAL_ACCENT_COLOR_NAME = AccentColor;
				CODE_SIGN_IDENTITY = "Apple Development";
				CODE_SIGN_STYLE = Automatic;
				DEVELOPMENT_TEAM = MJJXV8D9NX;
				INFOPLIST_FILE = hhTest/Info.plist;
				LD_RUNPATH_SEARCH_PATHS = (
					"$(inherited)",
					"@executable_path/Frameworks",
				);
				PRODUCT_BUNDLE_IDENTIFIER = walkinboiIndustry.hhTest;
				PRODUCT_NAME = "$(TARGET_NAME)";
				PROVISIONING_PROFILE_SPECIFIER = "";
				SWIFT_VERSION = 5.0;
				TARGETED_DEVICE_FAMILY = 1;
			};
			name = Debug;
		};
		234B853226F6292100E8754F /* Release */ = {
			isa = XCBuildConfiguration;
			buildSettings = {
				ASSETCATALOG_COMPILER_APPICON_NAME = AppIcon;
				ASSETCATALOG_COMPILER_GLOBAL_ACCENT_COLOR_NAME = AccentColor;
				CODE_SIGN_IDENTITY = "Apple Development";
				CODE_SIGN_STYLE = Automatic;
				DEVELOPMENT_TEAM = MJJXV8D9NX;
				INFOPLIST_FILE = hhTest/Info.plist;
				LD_RUNPATH_SEARCH_PATHS = (
					"$(inherited)",
					"@executable_path/Frameworks",
				);
				PRODUCT_BUNDLE_IDENTIFIER = walkinboiIndustry.hhTest;
				PRODUCT_NAME = "$(TARGET_NAME)";
				PROVISIONING_PROFILE_SPECIFIER = "";
				SWIFT_VERSION = 5.0;
				TARGETED_DEVICE_FAMILY = 1;
			};
			name = Release;
		};
/* End XCBuildConfiguration section */

/* Begin XCConfigurationList section */
		234B851726F6291F00E8754F /* Build configuration list for PBXProject "hhTest" */ = {
			isa = XCConfigurationList;
			buildConfigurations = (
				234B852E26F6292100E8754F /* Debug */,
				234B852F26F6292100E8754F /* Release */,
			);
			defaultConfigurationIsVisible = 0;
			defaultConfigurationName = Release;
		};
		234B853026F6292100E8754F /* Build configuration list for PBXNativeTarget "hhTest" */ = {
			isa = XCConfigurationList;
			buildConfigurations = (
				234B853126F6292100E8754F /* Debug */,
				234B853226F6292100E8754F /* Release */,
			);
			defaultConfigurationIsVisible = 0;
			defaultConfigurationName = Release;
		};
/* End XCConfigurationList section */
	};
	rootObject = 234B851426F6291F00E8754F /* Project object */;
}
